// !$*UTF8*$!
{
	archiveVersion = 1;
	classes = {
	};
	objectVersion = 51;
	objects = {

/* Begin PBXBuildFile section */
		172C2AFCF9A4C95C0601BC03 /* Pods_SafeBodaChallenge.framework in Frameworks */ = {isa = PBXBuildFile; fileRef = 7C64FE30909ED698DAB8A1C3 /* Pods_SafeBodaChallenge.framework */; };
		DC0C47B0233BD43F00AC4074 /* AppDelegate.swift in Sources */ = {isa = PBXBuildFile; fileRef = DC0C47AF233BD43F00AC4074 /* AppDelegate.swift */; };
		DC0C47B2233BD43F00AC4074 /* ViewController.swift in Sources */ = {isa = PBXBuildFile; fileRef = DC0C47B1233BD43F00AC4074 /* ViewController.swift */; };
		DC0C47B5233BD43F00AC4074 /* Main.storyboard in Resources */ = {isa = PBXBuildFile; fileRef = DC0C47B3233BD43F00AC4074 /* Main.storyboard */; };
		DC0C47B7233BD44200AC4074 /* Assets.xcassets in Resources */ = {isa = PBXBuildFile; fileRef = DC0C47B6233BD44200AC4074 /* Assets.xcassets */; };
		DC0C47BA233BD44200AC4074 /* LaunchScreen.storyboard in Resources */ = {isa = PBXBuildFile; fileRef = DC0C47B8233BD44200AC4074 /* LaunchScreen.storyboard */; };
		DC0C47C4233BD54800AC4074 /* LufthansaAPI.swift in Sources */ = {isa = PBXBuildFile; fileRef = DC0C47C3233BD54800AC4074 /* LufthansaAPI.swift */; };
		DC9F7B40233BEBBA00CCA38B /* OriginSelectionViewController.swift in Sources */ = {isa = PBXBuildFile; fileRef = DC9F7B3F233BEBBA00CCA38B /* OriginSelectionViewController.swift */; };
		DC9F7B42233BEBCF00CCA38B /* DestinationSelectionViewController.swift in Sources */ = {isa = PBXBuildFile; fileRef = DC9F7B41233BEBCF00CCA38B /* DestinationSelectionViewController.swift */; };
		DC9F7B44233BEE7200CCA38B /* ResultsViewController.swift in Sources */ = {isa = PBXBuildFile; fileRef = DC9F7B43233BEE7200CCA38B /* ResultsViewController.swift */; };
		DC9F7B46233BEE7D00CCA38B /* MapViewController.swift in Sources */ = {isa = PBXBuildFile; fileRef = DC9F7B45233BEE7D00CCA38B /* MapViewController.swift */; };
		DC9F7B49233BF16A00CCA38B /* ResultTableViewCell.swift in Sources */ = {isa = PBXBuildFile; fileRef = DC9F7B48233BF16A00CCA38B /* ResultTableViewCell.swift */; };
		DC9F7B4B233D533A00CCA38B /* Utils.swift in Sources */ = {isa = PBXBuildFile; fileRef = DC9F7B4A233D533A00CCA38B /* Utils.swift */; };
		DC9F7B4E233E2A7F00CCA38B /* Airport.swift in Sources */ = {isa = PBXBuildFile; fileRef = DC9F7B4D233E2A7F00CCA38B /* Airport.swift */; };
		DC9F7B50233E399A00CCA38B /* Extenstions.swift in Sources */ = {isa = PBXBuildFile; fileRef = DC9F7B4F233E399A00CCA38B /* Extenstions.swift */; };
		DC9F7B52233E3E0200CCA38B /* AppData.swift in Sources */ = {isa = PBXBuildFile; fileRef = DC9F7B51233E3E0200CCA38B /* AppData.swift */; };
		DC9F7B54233E425100CCA38B /* AirportsViewController.swift in Sources */ = {isa = PBXBuildFile; fileRef = DC9F7B53233E425100CCA38B /* AirportsViewController.swift */; };
		DC9F7B56233E482E00CCA38B /* AirportTableViewCell.swift in Sources */ = {isa = PBXBuildFile; fileRef = DC9F7B55233E482E00CCA38B /* AirportTableViewCell.swift */; };
		DC9F7B58233E75DF00CCA38B /* City.swift in Sources */ = {isa = PBXBuildFile; fileRef = DC9F7B57233E75DF00CCA38B /* City.swift */; };
		DC9F7B5A233E860B00CCA38B /* CityTableViewCell.swift in Sources */ = {isa = PBXBuildFile; fileRef = DC9F7B59233E860B00CCA38B /* CityTableViewCell.swift */; };
		DC9F7B5C233F6BBE00CCA38B /* Schedule.swift in Sources */ = {isa = PBXBuildFile; fileRef = DC9F7B5B233F6BBE00CCA38B /* Schedule.swift */; };
		DC9F7B5F233F89B100CCA38B /* FlightTableViewCell.swift in Sources */ = {isa = PBXBuildFile; fileRef = DC9F7B5D233F89B100CCA38B /* FlightTableViewCell.swift */; };
		DC9F7B60233F89B100CCA38B /* FlightTableViewCell.xib in Resources */ = {isa = PBXBuildFile; fileRef = DC9F7B5E233F89B100CCA38B /* FlightTableViewCell.xib */; };
/* End PBXBuildFile section */

/* Begin PBXFileReference section */
		7C64FE30909ED698DAB8A1C3 /* Pods_SafeBodaChallenge.framework */ = {isa = PBXFileReference; explicitFileType = wrapper.framework; includeInIndex = 0; path = Pods_SafeBodaChallenge.framework; sourceTree = BUILT_PRODUCTS_DIR; };
		BA80CC6814A80405268B9093 /* Pods-SafeBodaChallenge.debug.xcconfig */ = {isa = PBXFileReference; includeInIndex = 1; lastKnownFileType = text.xcconfig; name = "Pods-SafeBodaChallenge.debug.xcconfig"; path = "Target Support Files/Pods-SafeBodaChallenge/Pods-SafeBodaChallenge.debug.xcconfig"; sourceTree = "<group>"; };
		C40CAC8E9F7BB326B690020C /* Pods-SafeBodaChallenge.release.xcconfig */ = {isa = PBXFileReference; includeInIndex = 1; lastKnownFileType = text.xcconfig; name = "Pods-SafeBodaChallenge.release.xcconfig"; path = "Target Support Files/Pods-SafeBodaChallenge/Pods-SafeBodaChallenge.release.xcconfig"; sourceTree = "<group>"; };
		DC0C47AC233BD43F00AC4074 /* SafeBodaChallenge.app */ = {isa = PBXFileReference; explicitFileType = wrapper.application; includeInIndex = 0; path = SafeBodaChallenge.app; sourceTree = BUILT_PRODUCTS_DIR; };
		DC0C47AF233BD43F00AC4074 /* AppDelegate.swift */ = {isa = PBXFileReference; lastKnownFileType = sourcecode.swift; path = AppDelegate.swift; sourceTree = "<group>"; };
		DC0C47B1233BD43F00AC4074 /* ViewController.swift */ = {isa = PBXFileReference; lastKnownFileType = sourcecode.swift; path = ViewController.swift; sourceTree = "<group>"; };
		DC0C47B4233BD43F00AC4074 /* Base */ = {isa = PBXFileReference; lastKnownFileType = file.storyboard; name = Base; path = Base.lproj/Main.storyboard; sourceTree = "<group>"; };
		DC0C47B6233BD44200AC4074 /* Assets.xcassets */ = {isa = PBXFileReference; lastKnownFileType = folder.assetcatalog; path = Assets.xcassets; sourceTree = "<group>"; };
		DC0C47B9233BD44200AC4074 /* Base */ = {isa = PBXFileReference; lastKnownFileType = file.storyboard; name = Base; path = Base.lproj/LaunchScreen.storyboard; sourceTree = "<group>"; };
		DC0C47BB233BD44200AC4074 /* Info.plist */ = {isa = PBXFileReference; lastKnownFileType = text.plist.xml; path = Info.plist; sourceTree = "<group>"; };
		DC0C47C3233BD54800AC4074 /* LufthansaAPI.swift */ = {isa = PBXFileReference; lastKnownFileType = sourcecode.swift; path = LufthansaAPI.swift; sourceTree = "<group>"; };
		DC9F7B3F233BEBBA00CCA38B /* OriginSelectionViewController.swift */ = {isa = PBXFileReference; lastKnownFileType = sourcecode.swift; path = OriginSelectionViewController.swift; sourceTree = "<group>"; };
		DC9F7B41233BEBCF00CCA38B /* DestinationSelectionViewController.swift */ = {isa = PBXFileReference; lastKnownFileType = sourcecode.swift; path = DestinationSelectionViewController.swift; sourceTree = "<group>"; };
		DC9F7B43233BEE7200CCA38B /* ResultsViewController.swift */ = {isa = PBXFileReference; lastKnownFileType = sourcecode.swift; path = ResultsViewController.swift; sourceTree = "<group>"; };
		DC9F7B45233BEE7D00CCA38B /* MapViewController.swift */ = {isa = PBXFileReference; lastKnownFileType = sourcecode.swift; path = MapViewController.swift; sourceTree = "<group>"; };
		DC9F7B48233BF16A00CCA38B /* ResultTableViewCell.swift */ = {isa = PBXFileReference; lastKnownFileType = sourcecode.swift; path = ResultTableViewCell.swift; sourceTree = "<group>"; };
		DC9F7B4A233D533A00CCA38B /* Utils.swift */ = {isa = PBXFileReference; lastKnownFileType = sourcecode.swift; path = Utils.swift; sourceTree = "<group>"; };
		DC9F7B4D233E2A7F00CCA38B /* Airport.swift */ = {isa = PBXFileReference; lastKnownFileType = sourcecode.swift; path = Airport.swift; sourceTree = "<group>"; };
		DC9F7B4F233E399A00CCA38B /* Extenstions.swift */ = {isa = PBXFileReference; lastKnownFileType = sourcecode.swift; path = Extenstions.swift; sourceTree = "<group>"; };
		DC9F7B51233E3E0200CCA38B /* AppData.swift */ = {isa = PBXFileReference; lastKnownFileType = sourcecode.swift; path = AppData.swift; sourceTree = "<group>"; };
		DC9F7B53233E425100CCA38B /* AirportsViewController.swift */ = {isa = PBXFileReference; lastKnownFileType = sourcecode.swift; path = AirportsViewController.swift; sourceTree = "<group>"; };
		DC9F7B55233E482E00CCA38B /* AirportTableViewCell.swift */ = {isa = PBXFileReference; lastKnownFileType = sourcecode.swift; path = AirportTableViewCell.swift; sourceTree = "<group>"; };
		DC9F7B57233E75DF00CCA38B /* City.swift */ = {isa = PBXFileReference; lastKnownFileType = sourcecode.swift; path = City.swift; sourceTree = "<group>"; };
		DC9F7B59233E860B00CCA38B /* CityTableViewCell.swift */ = {isa = PBXFileReference; lastKnownFileType = sourcecode.swift; path = CityTableViewCell.swift; sourceTree = "<group>"; };
		DC9F7B5B233F6BBE00CCA38B /* Schedule.swift */ = {isa = PBXFileReference; lastKnownFileType = sourcecode.swift; path = Schedule.swift; sourceTree = "<group>"; };
		DC9F7B5D233F89B100CCA38B /* FlightTableViewCell.swift */ = {isa = PBXFileReference; lastKnownFileType = sourcecode.swift; path = FlightTableViewCell.swift; sourceTree = "<group>"; };
		DC9F7B5E233F89B100CCA38B /* FlightTableViewCell.xib */ = {isa = PBXFileReference; lastKnownFileType = file.xib; path = FlightTableViewCell.xib; sourceTree = "<group>"; };
/* End PBXFileReference section */

/* Begin PBXFrameworksBuildPhase section */
		DC0C47A9233BD43F00AC4074 /* Frameworks */ = {
			isa = PBXFrameworksBuildPhase;
			buildActionMask = 2147483647;
			files = (
				172C2AFCF9A4C95C0601BC03 /* Pods_SafeBodaChallenge.framework in Frameworks */,
			);
			runOnlyForDeploymentPostprocessing = 0;
		};
/* End PBXFrameworksBuildPhase section */

/* Begin PBXGroup section */
		43B9D5DF2D2DC3E64767F1F3 /* Frameworks */ = {
			isa = PBXGroup;
			children = (
				7C64FE30909ED698DAB8A1C3 /* Pods_SafeBodaChallenge.framework */,
			);
			name = Frameworks;
			sourceTree = "<group>";
		};
		4C6370413F1C7675EE3CEDA9 /* Pods */ = {
			isa = PBXGroup;
			children = (
				BA80CC6814A80405268B9093 /* Pods-SafeBodaChallenge.debug.xcconfig */,
				C40CAC8E9F7BB326B690020C /* Pods-SafeBodaChallenge.release.xcconfig */,
			);
			path = Pods;
			sourceTree = "<group>";
		};
		DC0C47A3233BD43F00AC4074 = {
			isa = PBXGroup;
			children = (
				DC0C47AE233BD43F00AC4074 /* SafeBodaChallenge */,
				DC0C47AD233BD43F00AC4074 /* Products */,
				4C6370413F1C7675EE3CEDA9 /* Pods */,
				43B9D5DF2D2DC3E64767F1F3 /* Frameworks */,
			);
			sourceTree = "<group>";
		};
		DC0C47AD233BD43F00AC4074 /* Products */ = {
			isa = PBXGroup;
			children = (
				DC0C47AC233BD43F00AC4074 /* SafeBodaChallenge.app */,
			);
			name = Products;
			sourceTree = "<group>";
		};
		DC0C47AE233BD43F00AC4074 /* SafeBodaChallenge */ = {
			isa = PBXGroup;
			children = (
				DC9F7B4C233E2A6600CCA38B /* Model */,
				DC9F7B47233BF14800CCA38B /* Views */,
				DC0C47C2233BD52F00AC4074 /* Singletons */,
				DC0C47C1233BD51800AC4074 /* ViewControllers */,
				DC0C47AF233BD43F00AC4074 /* AppDelegate.swift */,
				DC9F7B4A233D533A00CCA38B /* Utils.swift */,
				DC0C47B1233BD43F00AC4074 /* ViewController.swift */,
				DC0C47B3233BD43F00AC4074 /* Main.storyboard */,
				DC0C47B6233BD44200AC4074 /* Assets.xcassets */,
				DC0C47B8233BD44200AC4074 /* LaunchScreen.storyboard */,
				DC0C47BB233BD44200AC4074 /* Info.plist */,
				DC9F7B4F233E399A00CCA38B /* Extenstions.swift */,
			);
			path = SafeBodaChallenge;
			sourceTree = "<group>";
		};
		DC0C47C1233BD51800AC4074 /* ViewControllers */ = {
			isa = PBXGroup;
			children = (
				DC9F7B3F233BEBBA00CCA38B /* OriginSelectionViewController.swift */,
				DC9F7B41233BEBCF00CCA38B /* DestinationSelectionViewController.swift */,
				DC9F7B43233BEE7200CCA38B /* ResultsViewController.swift */,
				DC9F7B45233BEE7D00CCA38B /* MapViewController.swift */,
				DC9F7B53233E425100CCA38B /* AirportsViewController.swift */,
			);
			path = ViewControllers;
			sourceTree = "<group>";
		};
		DC0C47C2233BD52F00AC4074 /* Singletons */ = {
			isa = PBXGroup;
			children = (
				DC0C47C3233BD54800AC4074 /* LufthansaAPI.swift */,
				DC9F7B51233E3E0200CCA38B /* AppData.swift */,
			);
			path = Singletons;
			sourceTree = "<group>";
		};
		DC9F7B47233BF14800CCA38B /* Views */ = {
			isa = PBXGroup;
			children = (
				DC9F7B48233BF16A00CCA38B /* ResultTableViewCell.swift */,
				DC9F7B55233E482E00CCA38B /* AirportTableViewCell.swift */,
				DC9F7B59233E860B00CCA38B /* CityTableViewCell.swift */,
				DC9F7B5D233F89B100CCA38B /* FlightTableViewCell.swift */,
				DC9F7B5E233F89B100CCA38B /* FlightTableViewCell.xib */,
			);
			path = Views;
			sourceTree = "<group>";
		};
		DC9F7B4C233E2A6600CCA38B /* Model */ = {
			isa = PBXGroup;
			children = (
				DC9F7B4D233E2A7F00CCA38B /* Airport.swift */,
				DC9F7B57233E75DF00CCA38B /* City.swift */,
				DC9F7B5B233F6BBE00CCA38B /* Schedule.swift */,
			);
			path = Model;
			sourceTree = "<group>";
		};
/* End PBXGroup section */

/* Begin PBXNativeTarget section */
		DC0C47AB233BD43F00AC4074 /* SafeBodaChallenge */ = {
			isa = PBXNativeTarget;
			buildConfigurationList = DC0C47BE233BD44200AC4074 /* Build configuration list for PBXNativeTarget "SafeBodaChallenge" */;
			buildPhases = (
				662906323B66075E0940C893 /* [CP] Check Pods Manifest.lock */,
				DC0C47A8233BD43F00AC4074 /* Sources */,
				DC0C47A9233BD43F00AC4074 /* Frameworks */,
				DC0C47AA233BD43F00AC4074 /* Resources */,
				CB30BC048191A31BA859A8E8 /* [CP] Embed Pods Frameworks */,
			);
			buildRules = (
			);
			dependencies = (
			);
			name = SafeBodaChallenge;
			productName = SafeBodaChallenge;
			productReference = DC0C47AC233BD43F00AC4074 /* SafeBodaChallenge.app */;
			productType = "com.apple.product-type.application";
		};
/* End PBXNativeTarget section */

/* Begin PBXProject section */
		DC0C47A4233BD43F00AC4074 /* Project object */ = {
			isa = PBXProject;
			attributes = {
				LastSwiftUpdateCheck = 1020;
				LastUpgradeCheck = 1020;
				ORGANIZATIONNAME = "Rotem Nevgauker";
				TargetAttributes = {
					DC0C47AB233BD43F00AC4074 = {
						CreatedOnToolsVersion = 10.2.1;
					};
				};
			};
			buildConfigurationList = DC0C47A7233BD43F00AC4074 /* Build configuration list for PBXProject "SafeBodaChallenge" */;
			compatibilityVersion = "Xcode 9.3";
			developmentRegion = en;
			hasScannedForEncodings = 0;
			knownRegions = (
				en,
				Base,
			);
			mainGroup = DC0C47A3233BD43F00AC4074;
			productRefGroup = DC0C47AD233BD43F00AC4074 /* Products */;
			projectDirPath = "";
			projectRoot = "";
			targets = (
				DC0C47AB233BD43F00AC4074 /* SafeBodaChallenge */,
			);
		};
/* End PBXProject section */

/* Begin PBXResourcesBuildPhase section */
		DC0C47AA233BD43F00AC4074 /* Resources */ = {
			isa = PBXResourcesBuildPhase;
			buildActionMask = 2147483647;
			files = (
				DC0C47BA233BD44200AC4074 /* LaunchScreen.storyboard in Resources */,
				DC9F7B60233F89B100CCA38B /* FlightTableViewCell.xib in Resources */,
				DC0C47B7233BD44200AC4074 /* Assets.xcassets in Resources */,
				DC0C47B5233BD43F00AC4074 /* Main.storyboard in Resources */,
			);
			runOnlyForDeploymentPostprocessing = 0;
		};
/* End PBXResourcesBuildPhase section */

/* Begin PBXShellScriptBuildPhase section */
		662906323B66075E0940C893 /* [CP] Check Pods Manifest.lock */ = {
			isa = PBXShellScriptBuildPhase;
			buildActionMask = 2147483647;
			files = (
			);
			inputFileListPaths = (
			);
			inputPaths = (
				"${PODS_PODFILE_DIR_PATH}/Podfile.lock",
				"${PODS_ROOT}/Manifest.lock",
			);
			name = "[CP] Check Pods Manifest.lock";
			outputFileListPaths = (
			);
			outputPaths = (
				"$(DERIVED_FILE_DIR)/Pods-SafeBodaChallenge-checkManifestLockResult.txt",
			);
			runOnlyForDeploymentPostprocessing = 0;
			shellPath = /bin/sh;
			shellScript = "diff \"${PODS_PODFILE_DIR_PATH}/Podfile.lock\" \"${PODS_ROOT}/Manifest.lock\" > /dev/null\nif [ $? != 0 ] ; then\n    # print error to STDERR\n    echo \"error: The sandbox is not in sync with the Podfile.lock. Run 'pod install' or update your CocoaPods installation.\" >&2\n    exit 1\nfi\n# This output is used by Xcode 'outputs' to avoid re-running this script phase.\necho \"SUCCESS\" > \"${SCRIPT_OUTPUT_FILE_0}\"\n";
			showEnvVarsInLog = 0;
		};
		CB30BC048191A31BA859A8E8 /* [CP] Embed Pods Frameworks */ = {
			isa = PBXShellScriptBuildPhase;
			buildActionMask = 2147483647;
			files = (
			);
			inputFileListPaths = (
				"${PODS_ROOT}/Target Support Files/Pods-SafeBodaChallenge/Pods-SafeBodaChallenge-frameworks-${CONFIGURATION}-input-files.xcfilelist",
			);
			name = "[CP] Embed Pods Frameworks";
			outputFileListPaths = (
				"${PODS_ROOT}/Target Support Files/Pods-SafeBodaChallenge/Pods-SafeBodaChallenge-frameworks-${CONFIGURATION}-output-files.xcfilelist",
			);
			runOnlyForDeploymentPostprocessing = 0;
			shellPath = /bin/sh;
			shellScript = "\"${PODS_ROOT}/Target Support Files/Pods-SafeBodaChallenge/Pods-SafeBodaChallenge-frameworks.sh\"\n";
			showEnvVarsInLog = 0;
		};
/* End PBXShellScriptBuildPhase section */

/* Begin PBXSourcesBuildPhase section */
		DC0C47A8233BD43F00AC4074 /* Sources */ = {
			isa = PBXSourcesBuildPhase;
			buildActionMask = 2147483647;
			files = (
				DC0C47B2233BD43F00AC4074 /* ViewController.swift in Sources */,
				DC9F7B42233BEBCF00CCA38B /* DestinationSelectionViewController.swift in Sources */,
				DC9F7B5C233F6BBE00CCA38B /* Schedule.swift in Sources */,
				DC9F7B4B233D533A00CCA38B /* Utils.swift in Sources */,
				DC9F7B56233E482E00CCA38B /* AirportTableViewCell.swift in Sources */,
				DC0C47B0233BD43F00AC4074 /* AppDelegate.swift in Sources */,
				DC0C47C4233BD54800AC4074 /* LufthansaAPI.swift in Sources */,
				DC9F7B4E233E2A7F00CCA38B /* Airport.swift in Sources */,
				DC9F7B50233E399A00CCA38B /* Extenstions.swift in Sources */,
				DC9F7B40233BEBBA00CCA38B /* OriginSelectionViewController.swift in Sources */,
				DC9F7B44233BEE7200CCA38B /* ResultsViewController.swift in Sources */,
				DC9F7B54233E425100CCA38B /* AirportsViewController.swift in Sources */,
				DC9F7B58233E75DF00CCA38B /* City.swift in Sources */,
				DC9F7B5F233F89B100CCA38B /* FlightTableViewCell.swift in Sources */,
				DC9F7B49233BF16A00CCA38B /* ResultTableViewCell.swift in Sources */,
				DC9F7B46233BEE7D00CCA38B /* MapViewController.swift in Sources */,
				DC9F7B5A233E860B00CCA38B /* CityTableViewCell.swift in Sources */,
				DC9F7B52233E3E0200CCA38B /* AppData.swift in Sources */,
			);
			runOnlyForDeploymentPostprocessing = 0;
		};
/* End PBXSourcesBuildPhase section */

/* Begin PBXVariantGroup section */
		DC0C47B3233BD43F00AC4074 /* Main.storyboard */ = {
			isa = PBXVariantGroup;
			children = (
				DC0C47B4233BD43F00AC4074 /* Base */,
			);
			name = Main.storyboard;
			sourceTree = "<group>";
		};
		DC0C47B8233BD44200AC4074 /* LaunchScreen.storyboard */ = {
			isa = PBXVariantGroup;
			children = (
				DC0C47B9233BD44200AC4074 /* Base */,
			);
			name = LaunchScreen.storyboard;
			sourceTree = "<group>";
		};
/* End PBXVariantGroup section */

/* Begin XCBuildConfiguration section */
		DC0C47BC233BD44200AC4074 /* Debug */ = {
			isa = XCBuildConfiguration;
			buildSettings = {
				ALWAYS_SEARCH_USER_PATHS = NO;
				CLANG_ANALYZER_NONNULL = YES;
				CLANG_ANALYZER_NUMBER_OBJECT_CONVERSION = YES_AGGRESSIVE;
				CLANG_CXX_LANGUAGE_STANDARD = "gnu++14";
				CLANG_CXX_LIBRARY = "libc++";
				CLANG_ENABLE_MODULES = YES;
				CLANG_ENABLE_OBJC_ARC = YES;
				CLANG_ENABLE_OBJC_WEAK = YES;
				CLANG_WARN_BLOCK_CAPTURE_AUTORELEASING = YES;
				CLANG_WARN_BOOL_CONVERSION = YES;
				CLANG_WARN_COMMA = YES;
				CLANG_WARN_CONSTANT_CONVERSION = YES;
				CLANG_WARN_DEPRECATED_OBJC_IMPLEMENTATIONS = YES;
				CLANG_WARN_DIRECT_OBJC_ISA_USAGE = YES_ERROR;
				CLANG_WARN_DOCUMENTATION_COMMENTS = YES;
				CLANG_WARN_EMPTY_BODY = YES;
				CLANG_WARN_ENUM_CONVERSION = YES;
				CLANG_WARN_INFINITE_RECURSION = YES;
				CLANG_WARN_INT_CONVERSION = YES;
				CLANG_WARN_NON_LITERAL_NULL_CONVERSION = YES;
				CLANG_WARN_OBJC_IMPLICIT_RETAIN_SELF = YES;
				CLANG_WARN_OBJC_LITERAL_CONVERSION = YES;
				CLANG_WARN_OBJC_ROOT_CLASS = YES_ERROR;
				CLANG_WARN_RANGE_LOOP_ANALYSIS = YES;
				CLANG_WARN_STRICT_PROTOTYPES = YES;
				CLANG_WARN_SUSPICIOUS_MOVE = YES;
				CLANG_WARN_UNGUARDED_AVAILABILITY = YES_AGGRESSIVE;
				CLANG_WARN_UNREACHABLE_CODE = YES;
				CLANG_WARN__DUPLICATE_METHOD_MATCH = YES;
				CODE_SIGN_IDENTITY = "iPhone Developer";
				COPY_PHASE_STRIP = NO;
				DEBUG_INFORMATION_FORMAT = dwarf;
				ENABLE_STRICT_OBJC_MSGSEND = YES;
				ENABLE_TESTABILITY = YES;
				GCC_C_LANGUAGE_STANDARD = gnu11;
				GCC_DYNAMIC_NO_PIC = NO;
				GCC_NO_COMMON_BLOCKS = YES;
				GCC_OPTIMIZATION_LEVEL = 0;
				GCC_PREPROCESSOR_DEFINITIONS = (
					"DEBUG=1",
					"$(inherited)",
				);
				GCC_WARN_64_TO_32_BIT_CONVERSION = YES;
				GCC_WARN_ABOUT_RETURN_TYPE = YES_ERROR;
				GCC_WARN_UNDECLARED_SELECTOR = YES;
				GCC_WARN_UNINITIALIZED_AUTOS = YES_AGGRESSIVE;
				GCC_WARN_UNUSED_FUNCTION = YES;
				GCC_WARN_UNUSED_VARIABLE = YES;
				IPHONEOS_DEPLOYMENT_TARGET = 12.2;
				MTL_ENABLE_DEBUG_INFO = INCLUDE_SOURCE;
				MTL_FAST_MATH = YES;
				ONLY_ACTIVE_ARCH = YES;
				SDKROOT = iphoneos;
				SWIFT_ACTIVE_COMPILATION_CONDITIONS = DEBUG;
				SWIFT_OPTIMIZATION_LEVEL = "-Onone";
			};
			name = Debug;
		};
		DC0C47BD233BD44200AC4074 /* Release */ = {
			isa = XCBuildConfiguration;
			buildSettings = {
				ALWAYS_SEARCH_USER_PATHS = NO;
				CLANG_ANALYZER_NONNULL = YES;
				CLANG_ANALYZER_NUMBER_OBJECT_CONVERSION = YES_AGGRESSIVE;
				CLANG_CXX_LANGUAGE_STANDARD = "gnu++14";
				CLANG_CXX_LIBRARY = "libc++";
				CLANG_ENABLE_MODULES = YES;
				CLANG_ENABLE_OBJC_ARC = YES;
				CLANG_ENABLE_OBJC_WEAK = YES;
				CLANG_WARN_BLOCK_CAPTURE_AUTORELEASING = YES;
				CLANG_WARN_BOOL_CONVERSION = YES;
				CLANG_WARN_COMMA = YES;
				CLANG_WARN_CONSTANT_CONVERSION = YES;
				CLANG_WARN_DEPRECATED_OBJC_IMPLEMENTATIONS = YES;
				CLANG_WARN_DIRECT_OBJC_ISA_USAGE = YES_ERROR;
				CLANG_WARN_DOCUMENTATION_COMMENTS = YES;
				CLANG_WARN_EMPTY_BODY = YES;
				CLANG_WARN_ENUM_CONVERSION = YES;
				CLANG_WARN_INFINITE_RECURSION = YES;
				CLANG_WARN_INT_CONVERSION = YES;
				CLANG_WARN_NON_LITERAL_NULL_CONVERSION = YES;
				CLANG_WARN_OBJC_IMPLICIT_RETAIN_SELF = YES;
				CLANG_WARN_OBJC_LITERAL_CONVERSION = YES;
				CLANG_WARN_OBJC_ROOT_CLASS = YES_ERROR;
				CLANG_WARN_RANGE_LOOP_ANALYSIS = YES;
				CLANG_WARN_STRICT_PROTOTYPES = YES;
				CLANG_WARN_SUSPICIOUS_MOVE = YES;
				CLANG_WARN_UNGUARDED_AVAILABILITY = YES_AGGRESSIVE;
				CLANG_WARN_UNREACHABLE_CODE = YES;
				CLANG_WARN__DUPLICATE_METHOD_MATCH = YES;
				CODE_SIGN_IDENTITY = "iPhone Developer";
				COPY_PHASE_STRIP = NO;
				DEBUG_INFORMATION_FORMAT = "dwarf-with-dsym";
				ENABLE_NS_ASSERTIONS = NO;
				ENABLE_STRICT_OBJC_MSGSEND = YES;
				GCC_C_LANGUAGE_STANDARD = gnu11;
				GCC_NO_COMMON_BLOCKS = YES;
				GCC_WARN_64_TO_32_BIT_CONVERSION = YES;
				GCC_WARN_ABOUT_RETURN_TYPE = YES_ERROR;
				GCC_WARN_UNDECLARED_SELECTOR = YES;
				GCC_WARN_UNINITIALIZED_AUTOS = YES_AGGRESSIVE;
				GCC_WARN_UNUSED_FUNCTION = YES;
				GCC_WARN_UNUSED_VARIABLE = YES;
				IPHONEOS_DEPLOYMENT_TARGET = 12.2;
				MTL_ENABLE_DEBUG_INFO = NO;
				MTL_FAST_MATH = YES;
				SDKROOT = iphoneos;
				SWIFT_COMPILATION_MODE = wholemodule;
				SWIFT_OPTIMIZATION_LEVEL = "-O";
				VALIDATE_PRODUCT = YES;
			};
			name = Release;
		};
		DC0C47BF233BD44200AC4074 /* Debug */ = {
			isa = XCBuildConfiguration;
			baseConfigurationReference = BA80CC6814A80405268B9093 /* Pods-SafeBodaChallenge.debug.xcconfig */;
			buildSettings = {
				ASSETCATALOG_COMPILER_APPICON_NAME = AppIcon;
				CODE_SIGN_STYLE = Automatic;
				DEVELOPMENT_TEAM = 3978JEAFBL;
				INFOPLIST_FILE = SafeBodaChallenge/Info.plist;
				LD_RUNPATH_SEARCH_PATHS = (
					"$(inherited)",
					"@executable_path/Frameworks",
				);
				PRODUCT_BUNDLE_IDENTIFIER = "Rotem-Nevgauker.SafeBodaChallenge";
				PRODUCT_NAME = "$(TARGET_NAME)";
				SWIFT_VERSION = 5.0;
				TARGETED_DEVICE_FAMILY = "1,2";
			};
			name = Debug;
		};
		DC0C47C0233BD44200AC4074 /* Release */ = {
			isa = XCBuildConfiguration;
			baseConfigurationReference = C40CAC8E9F7BB326B690020C /* Pods-SafeBodaChallenge.release.xcconfig */;
			buildSettings = {
				ASSETCATALOG_COMPILER_APPICON_NAME = AppIcon;
				CODE_SIGN_STYLE = Automatic;
				DEVELOPMENT_TEAM = 3978JEAFBL;
				INFOPLIST_FILE = SafeBodaChallenge/Info.plist;
				LD_RUNPATH_SEARCH_PATHS = (
					"$(inherited)",
					"@executable_path/Frameworks",
				);
				PRODUCT_BUNDLE_IDENTIFIER = "Rotem-Nevgauker.SafeBodaChallenge";
				PRODUCT_NAME = "$(TARGET_NAME)";
				SWIFT_VERSION = 5.0;
				TARGETED_DEVICE_FAMILY = "1,2";
			};
			name = Release;
		};
/* End XCBuildConfiguration section */

/* Begin XCConfigurationList section */
		DC0C47A7233BD43F00AC4074 /* Build configuration list for PBXProject "SafeBodaChallenge" */ = {
			isa = XCConfigurationList;
			buildConfigurations = (
				DC0C47BC233BD44200AC4074 /* Debug */,
				DC0C47BD233BD44200AC4074 /* Release */,
			);
			defaultConfigurationIsVisible = 0;
			defaultConfigurationName = Release;
		};
		DC0C47BE233BD44200AC4074 /* Build configuration list for PBXNativeTarget "SafeBodaChallenge" */ = {
			isa = XCConfigurationList;
			buildConfigurations = (
				DC0C47BF233BD44200AC4074 /* Debug */,
				DC0C47C0233BD44200AC4074 /* Release */,
			);
			defaultConfigurationIsVisible = 0;
			defaultConfigurationName = Release;
		};
/* End XCConfigurationList section */
	};
	rootObject = DC0C47A4233BD43F00AC4074 /* Project object */;
}
